// !$*UTF8*$!
{
	archiveVersion = 1;
	classes = {
	};
	objectVersion = 56;
	objects = {

/* Begin PBXBuildFile section */
		B0A0A0B1A0A0A0A0A0A0A001 /* AudioFolderPlayerApp.swift in Sources */ = {isa = PBXBuildFile; fileRef = B0A0A0C1A0A0A0A0A0A0A001 /* AudioFolderPlayerApp.swift */; };
		B0A0A0B2A0A0A0A0A0A0A001 /* AudioFolderPlayerTests.swift in Sources */ = {isa = PBXBuildFile; fileRef = B0A0A0C2A0A0A0A0A0A0A001 /* AudioFolderPlayerTests.swift */; };
/* End PBXBuildFile section */

/* Begin PBXContainerItemProxy section */
		B0A0A0D1A0A0A0A0A0A0A001 /* PBXContainerItemProxy */ = {
			isa = PBXContainerItemProxy;
			containerPortal = B0A0A0E1A0A0A0A0A0A0A001 /* Project object */;
			proxyType = 1;
			remoteGlobalIDString = B0A0A0A1A0A0A0A0A0A0A001;
			remoteInfo = AudioFolderPlayer;
		};
/* End PBXContainerItemProxy section */

/* Begin PBXFileReference section */
		B0A0A0C1A0A0A0A0A0A0A001 /* AudioFolderPlayerApp.swift */ = {isa = PBXFileReference; lastKnownFileType = sourcecode.swift; path = AudioFolderPlayerApp.swift; sourceTree = "<group>"; };
		B0A0A0C2A0A0A0A0A0A0A001 /* AudioFolderPlayerTests.swift */ = {isa = PBXFileReference; lastKnownFileType = sourcecode.swift; path = AudioFolderPlayerTests.swift; sourceTree = "<group>"; };
		B0A0A0C3A0A0A0A0A0A0A001 /* AudioFolderPlayer.app */ = {isa = PBXFileReference; explicitFileType = wrapper.application; includeInIndex = 0; path = AudioFolderPlayer.app; sourceTree = BUILT_PRODUCTS_DIR; };
		B0A0A0C4A0A0A0A0A0A0A001 /* AudioFolderPlayerTests.xctest */ = {isa = PBXFileReference; explicitFileType = wrapper.cfbundle; includeInIndex = 0; path = AudioFolderPlayerTests.xctest; sourceTree = BUILT_PRODUCTS_DIR; };
/* End PBXFileReference section */

/* Begin PBXFrameworksBuildPhase section */
		B0A0A0F1A0A0A0A0A0A0A001 /* Frameworks */ = {
			isa = PBXFrameworksBuildPhase;
			buildActionMask = 2147483647;
			files = (
			);
			runOnlyForDeploymentPostprocessing = 0;
		};
		B0A0A0F2A0A0A0A0A0A0A001 /* Frameworks */ = {
			isa = PBXFrameworksBuildPhase;
			buildActionMask = 2147483647;
			files = (
			);
			runOnlyForDeploymentPostprocessing = 0;
		};
/* End PBXFrameworksBuildPhase section */

/* Begin PBXGroup section */
		B0A0A101A0A0A0A0A0A0A001 = {
			isa = PBXGroup;
			children = (
				B0A0A102A0A0A0A0A0A0A001 /* AudioFolderPlayer */,
				B0A0A103A0A0A0A0A0A0A001 /* AudioFolderPlayerTests */,
				B0A0A104A0A0A0A0A0A0A001 /* Products */,
			);
			sourceTree = "<group>";
		};
		B0A0A102A0A0A0A0A0A0A001 /* AudioFolderPlayer */ = {
			isa = PBXGroup;
			children = (
				B0A0A105A0A0A0A0A0A0A001 /* App */,
				B0A0A106A0A0A0A0A0A0A001 /* Models */,
				B0A0A107A0A0A0A0A0A0A001 /* Views */,
				B0A0A108A0A0A0A0A0A0A001 /* ViewModels */,
				B0A0A109A0A0A0A0A0A0A001 /* Services */,
				B0A0A10AA0A0A0A0A0A0A001 /* Infrastructure */,
				B0A0A10DA0A0A0A0A0A0A001 /* Resources */,
			);
			path = AudioFolderPlayer;
			sourceTree = "<group>";
		};
		B0A0A103A0A0A0A0A0A0A001 /* AudioFolderPlayerTests */ = {
			isa = PBXGroup;
			children = (
				B0A0A0C2A0A0A0A0A0A0A001 /* AudioFolderPlayerTests.swift */,
			);
			path = AudioFolderPlayerTests;
			sourceTree = "<group>";
		};
		B0A0A104A0A0A0A0A0A0A001 /* Products */ = {
			isa = PBXGroup;
			children = (
				B0A0A0C3A0A0A0A0A0A0A001 /* AudioFolderPlayer.app */,
				B0A0A0C4A0A0A0A0A0A0A001 /* AudioFolderPlayerTests.xctest */,
			);
			name = Products;
			sourceTree = "<group>";
		};
		B0A0A105A0A0A0A0A0A0A001 /* App */ = {
			isa = PBXGroup;
			children = (
				B0A0A0C1A0A0A0A0A0A0A001 /* AudioFolderPlayerApp.swift */,
			);
			path = App;
			sourceTree = "<group>";
		};
		B0A0A106A0A0A0A0A0A0A001 /* Models */ = {
			isa = PBXGroup;
			children = (
			);
			path = Models;
			sourceTree = "<group>";
		};
		B0A0A107A0A0A0A0A0A0A001 /* Views */ = {
			isa = PBXGroup;
			children = (
			);
			path = Views;
			sourceTree = "<group>";
		};
		B0A0A108A0A0A0A0A0A0A001 /* ViewModels */ = {
			isa = PBXGroup;
			children = (
			);
			path = ViewModels;
			sourceTree = "<group>";
		};
		B0A0A109A0A0A0A0A0A0A001 /* Services */ = {
			isa = PBXGroup;
			children = (
			);
			path = Services;
			sourceTree = "<group>";
		};
		B0A0A10AA0A0A0A0A0A0A001 /* Infrastructure */ = {
			isa = PBXGroup;
			children = (
				B0A0A10BA0A0A0A0A0A0A001 /* Audio */,
				B0A0A10CA0A0A0A0A0A0A001 /* FileSystem */,
			);
			path = Infrastructure;
			sourceTree = "<group>";
		};
		B0A0A10BA0A0A0A0A0A0A001 /* Audio */ = {
			isa = PBXGroup;
			children = (
			);
			path = Audio;
			sourceTree = "<group>";
		};
		B0A0A10CA0A0A0A0A0A0A001 /* FileSystem */ = {
			isa = PBXGroup;
			children = (
			);
			path = FileSystem;
			sourceTree = "<group>";
		};
		B0A0A10DA0A0A0A0A0A0A001 /* Resources */ = {
			isa = PBXGroup;
			children = (
			);
			path = Resources;
			sourceTree = "<group>";
		};
/* End PBXGroup section */

/* Begin PBXNativeTarget section */
		B0A0A0A1A0A0A0A0A0A0A001 /* AudioFolderPlayer */ = {
			isa = PBXNativeTarget;
			buildConfigurationList = B0A0A121A0A0A0A0A0A0A001 /* Build configuration list for PBXNativeTarget "AudioFolderPlayer" */;
			buildPhases = (
				B0A0A111A0A0A0A0A0A0A001 /* Sources */,
				B0A0A0F1A0A0A0A0A0A0A001 /* Frameworks */,
				B0A0A112A0A0A0A0A0A0A001 /* Resources */,
			);
			buildRules = (
			);
			dependencies = (
			);
			name = AudioFolderPlayer;
			productName = AudioFolderPlayer;
			productReference = B0A0A0C3A0A0A0A0A0A0A001 /* AudioFolderPlayer.app */;
			productType = "com.apple.product-type.application";
		};
		B0A0A0A2A0A0A0A0A0A0A001 /* AudioFolderPlayerTests */ = {
			isa = PBXNativeTarget;
			buildConfigurationList = B0A0A122A0A0A0A0A0A0A001 /* Build configuration list for PBXNativeTarget "AudioFolderPlayerTests" */;
			buildPhases = (
				B0A0A113A0A0A0A0A0A0A001 /* Sources */,
				B0A0A0F2A0A0A0A0A0A0A001 /* Frameworks */,
				B0A0A114A0A0A0A0A0A0A001 /* Resources */,
			);
			buildRules = (
			);
			dependencies = (
				B0A0A0D2A0A0A0A0A0A0A001 /* PBXTargetDependency */,
			);
			name = AudioFolderPlayerTests;
			productName = AudioFolderPlayerTests;
			productReference = B0A0A0C4A0A0A0A0A0A0A001 /* AudioFolderPlayerTests.xctest */;
			productType = "com.apple.product-type.bundle.unit-test";
		};
/* End PBXNativeTarget section */

/* Begin PBXProject section */
		B0A0A0E1A0A0A0A0A0A0A001 /* Project object */ = {
			isa = PBXProject;
			attributes = {
				BuildIndependentTargetsInParallel = 1;
				LastSwiftUpdateCheck = 1640;
				LastUpgradeCheck = 1640;
				TargetAttributes = {
					B0A0A0A1A0A0A0A0A0A0A001 = {
						CreatedOnToolsVersion = 26.4;
					};
					B0A0A0A2A0A0A0A0A0A0A001 = {
						CreatedOnToolsVersion = 26.4;
						TestTargetID = B0A0A0A1A0A0A0A0A0A0A001;
					};
				};
			};
			buildConfigurationList = B0A0A120A0A0A0A0A0A0A001 /* Build configuration list for PBXProject "AudioFolderPlayer" */;
			compatibilityVersion = "Xcode 14.0";
			developmentRegion = en;
			hasScannedForEncodings = 0;
			knownRegions = (
				en,
				Base,
			);
			mainGroup = B0A0A101A0A0A0A0A0A0A001;
			productRefGroup = B0A0A104A0A0A0A0A0A0A001 /* Products */;
			projectDirPath = "";
			projectRoot = "";
			targets = (
				B0A0A0A1A0A0A0A0A0A0A001 /* AudioFolderPlayer */,
				B0A0A0A2A0A0A0A0A0A0A001 /* AudioFolderPlayerTests */,
			);
		};
/* End PBXProject section */

/* Begin PBXResourcesBuildPhase section */
		B0A0A112A0A0A0A0A0A0A001 /* Resources */ = {
			isa = PBXResourcesBuildPhase;
			buildActionMask = 2147483647;
			files = (
			);
			runOnlyForDeploymentPostprocessing = 0;
		};
		B0A0A114A0A0A0A0A0A0A001 /* Resources */ = {
			isa = PBXResourcesBuildPhase;
			buildActionMask = 2147483647;
			files = (
			);
			runOnlyForDeploymentPostprocessing = 0;
		};
/* End PBXResourcesBuildPhase section */

/* Begin PBXSourcesBuildPhase section */
		B0A0A111A0A0A0A0A0A0A001 /* Sources */ = {
			isa = PBXSourcesBuildPhase;
			buildActionMask = 2147483647;
			files = (
				B0A0A0B1A0A0A0A0A0A0A001 /* AudioFolderPlayerApp.swift in Sources */,
			);
			runOnlyForDeploymentPostprocessing = 0;
		};
		B0A0A113A0A0A0A0A0A0A001 /* Sources */ = {
			isa = PBXSourcesBuildPhase;
			buildActionMask = 2147483647;
			files = (
				B0A0A0B2A0A0A0A0A0A0A001 /* AudioFolderPlayerTests.swift in Sources */,
			);
			runOnlyForDeploymentPostprocessing = 0;
		};
/* End PBXSourcesBuildPhase section */

/* Begin PBXTargetDependency section */
		B0A0A0D2A0A0A0A0A0A0A001 /* PBXTargetDependency */ = {
			isa = PBXTargetDependency;
			target = B0A0A0A1A0A0A0A0A0A0A001 /* AudioFolderPlayer */;
			targetProxy = B0A0A0D1A0A0A0A0A0A0A001 /* PBXContainerItemProxy */;
		};
/* End PBXTargetDependency section */

/* Begin XCBuildConfiguration section */
		B0A0A131A0A0A0A0A0A0A001 /* Debug */ = {
			isa = XCBuildConfiguration;
			buildSettings = {
				ALWAYS_SEARCH_USER_PATHS = NO;
				CLANG_ANALYZER_NONNULL = YES;
				CLANG_ANALYZER_NUMBER_OBJECT_CONVERSION = YES_AGGRESSIVE;
				CLANG_CXX_LANGUAGE_STANDARD = "gnu++20";
				CLANG_ENABLE_MODULES = YES;
				CLANG_ENABLE_OBJC_ARC = YES;
				CLANG_ENABLE_OBJC_WEAK = YES;
				CLANG_WARN_BLOCK_CAPTURE_AUTORELEASING = YES;
				CLANG_WARN_BOOL_CONVERSION = YES;
				CLANG_WARN_COMMA = YES;
				CLANG_WARN_CONSTANT_CONVERSION = YES;
				CLANG_WARN_DEPRECATED_OBJC_IMPLEMENTATIONS = YES;
				CLANG_WARN_DIRECT_OBJC_ISA_USAGE = YES_ERROR;
				CLANG_WARN_DOCUMENTATION_COMMENTS = YES;
				CLANG_WARN_EMPTY_BODY = YES;
				CLANG_WARN_ENUM_CONVERSION = YES;
				CLANG_WARN_INFINITE_RECURSION = YES;
				CLANG_WARN_INT_CONVERSION = YES;
				CLANG_WARN_NON_LITERAL_NULL_CONVERSION = YES;
				CLANG_WARN_OBJC_IMPLICIT_RETAIN_SELF = YES;
				CLANG_WARN_OBJC_LITERAL_CONVERSION = YES;
				CLANG_WARN_OBJC_ROOT_CLASS = YES_ERROR;
				CLANG_WARN_QUOTED_INCLUDE_IN_FRAMEWORK_HEADER = YES;
				CLANG_WARN_RANGE_LOOP_ANALYSIS = YES;
				CLANG_WARN_STRICT_PROTOTYPES = YES;
				CLANG_WARN_SUSPICIOUS_MOVE = YES;
				CLANG_WARN_UNGUARDED_AVAILABILITY = YES_AGGRESSIVE;
				CLANG_WARN_UNREACHABLE_CODE = YES;
				COPY_PHASE_STRIP = NO;
				DEBUG_INFORMATION_FORMAT = dwarf;
				ENABLE_STRICT_OBJC_MSGSEND = YES;
				ENABLE_TESTABILITY = YES;
				ENABLE_USER_SCRIPT_SANDBOXING = YES;
				GCC_C_LANGUAGE_STANDARD = gnu17;
				GCC_DYNAMIC_NO_PIC = NO;
				GCC_NO_COMMON_BLOCKS = YES;
				GCC_OPTIMIZATION_LEVEL = 0;
				GCC_PREPROCESSOR_DEFINITIONS = (
					"DEBUG=1",
					"$(inherited)",
				);
				GCC_WARN_64_TO_32_BIT_CONVERSION = YES;
				GCC_WARN_ABOUT_RETURN_TYPE = YES_ERROR;
				GCC_WARN_UNDECLARED_SELECTOR = YES;
				GCC_WARN_UNINITIALIZED_AUTOS = YES_AGGRESSIVE;
				GCC_WARN_UNUSED_FUNCTION = YES;
				GCC_WARN_UNUSED_VARIABLE = YES;
				IPHONEOS_DEPLOYMENT_TARGET = 18.0;
				LOCALIZATION_PREFERS_STRING_CATALOGS = YES;
				MTL_ENABLE_DEBUG_INFO = INCLUDE_SOURCE;
				MTL_FAST_MATH = YES;
				ONLY_ACTIVE_ARCH = YES;
				SDKROOT = iphoneos;
				SWIFT_ACTIVE_COMPILATION_CONDITIONS = "DEBUG $(inherited)";
				SWIFT_OPTIMIZATION_LEVEL = "-Onone";
			};
			name = Debug;
		};
		B0A0A132A0A0A0A0A0A0A001 /* Release */ = {
			isa = XCBuildConfiguration;
			buildSettings = {
				ALWAYS_SEARCH_USER_PATHS = NO;
				CLANG_ANALYZER_NONNULL = YES;
				CLANG_ANALYZER_NUMBER_OBJECT_CONVERSION = YES_AGGRESSIVE;
				CLANG_CXX_LANGUAGE_STANDARD = "gnu++20";
				CLANG_ENABLE_MODULES = YES;
				CLANG_ENABLE_OBJC_ARC = YES;
				CLANG_ENABLE_OBJC_WEAK = YES;
				CLANG_WARN_BLOCK_CAPTURE_AUTORELEASING = YES;
				CLANG_WARN_BOOL_CONVERSION = YES;
				CLANG_WARN_COMMA = YES;
				CLANG_WARN_CONSTANT_CONVERSION = YES;
				CLANG_WARN_DEPRECATED_OBJC_IMPLEMENTATIONS = YES;
				CLANG_WARN_DIRECT_OBJC_ISA_USAGE = YES_ERROR;
				CLANG_WARN_DOCUMENTATION_COMMENTS = YES;
				CLANG_WARN_EMPTY_BODY = YES;
				CLANG_WARN_ENUM_CONVERSION = YES;
				CLANG_WARN_INFINITE_RECURSION = YES;
				CLANG_WARN_INT_CONVERSION = YES;
				CLANG_WARN_NON_LITERAL_NULL_CONVERSION = YES;
				CLANG_WARN_OBJC_IMPLICIT_RETAIN_SELF = YES;
				CLANG_WARN_OBJC_LITERAL_CONVERSION = YES;
				CLANG_WARN_OBJC_ROOT_CLASS = YES_ERROR;
				CLANG_WARN_QUOTED_INCLUDE_IN_FRAMEWORK_HEADER = YES;
				CLANG_WARN_RANGE_LOOP_ANALYSIS = YES;
				CLANG_WARN_STRICT_PROTOTYPES = YES;
				CLANG_WARN_SUSPICIOUS_MOVE = YES;
				CLANG_WARN_UNGUARDED_AVAILABILITY = YES_AGGRESSIVE;
				CLANG_WARN_UNREACHABLE_CODE = YES;
				COPY_PHASE_STRIP = NO;
				DEBUG_INFORMATION_FORMAT = "dwarf-with-dsym";
				ENABLE_NS_ASSERTIONS = NO;
				ENABLE_STRICT_OBJC_MSGSEND = YES;
				ENABLE_USER_SCRIPT_SANDBOXING = YES;
				GCC_C_LANGUAGE_STANDARD = gnu17;
				GCC_NO_COMMON_BLOCKS = YES;
				GCC_WARN_64_TO_32_BIT_CONVERSION = YES;
				GCC_WARN_ABOUT_RETURN_TYPE = YES_ERROR;
				GCC_WARN_UNDECLARED_SELECTOR = YES;
				GCC_WARN_UNINITIALIZED_AUTOS = YES_AGGRESSIVE;
				GCC_WARN_UNUSED_FUNCTION = YES;
				GCC_WARN_UNUSED_VARIABLE = YES;
				IPHONEOS_DEPLOYMENT_TARGET = 18.0;
				LOCALIZATION_PREFERS_STRING_CATALOGS = YES;
				MTL_ENABLE_DEBUG_INFO = NO;
				MTL_FAST_MATH = YES;
				SDKROOT = iphoneos;
				SWIFT_COMPILATION_MODE = wholemodule;
				VALIDATE_PRODUCT = YES;
			};
			name = Release;
		};
		B0A0A133A0A0A0A0A0A0A001 /* Debug */ = {
			isa = XCBuildConfiguration;
			buildSettings = {
				ASSETCATALOG_COMPILER_APPICON_NAME = AppIcon;
				ASSETCATALOG_COMPILER_GLOBAL_ACCENT_COLOR_NAME = AccentColor;
				CODE_SIGN_STYLE = Automatic;
				CURRENT_PROJECT_VERSION = 1;
				DEVELOPMENT_ASSET_PATHS = "";
				DEVELOPMENT_TEAM = "";
				ENABLE_PREVIEWS = YES;
				GENERATE_INFOPLIST_FILE = YES;
				INFOPLIST_KEY_UIApplicationSceneManifest_Generation = YES;
				INFOPLIST_KEY_UIApplicationSupportsIndirectInputEvents = YES;
				INFOPLIST_KEY_UILaunchScreen_Generation = YES;
				INFOPLIST_KEY_UISupportedInterfaceOrientations_iPad = "UIInterfaceOrientationPortrait UIInterfaceOrientationPortraitUpsideDown UIInterfaceOrientationLandscapeLeft UIInterfaceOrientationLandscapeRight";
				INFOPLIST_KEY_UISupportedInterfaceOrientations_iPhone = "UIInterfaceOrientationPortrait UIInterfaceOrientationLandscapeLeft UIInterfaceOrientationLandscapeRight";
				LD_RUNPATH_SEARCH_PATHS = (
					"$(inherited)",
					"@executable_path/Frameworks",
				);
				MARKETING_VERSION = 1.0;
				PRODUCT_BUNDLE_IDENTIFIER = com.pooq.AudioFolderPlayer;
				PRODUCT_NAME = "$(TARGET_NAME)";
				SWIFT_EMIT_LOC_STRINGS = YES;
				SWIFT_VERSION = 5.0;
				TARGETED_DEVICE_FAMILY = "1,2";
			};
			name = Debug;
		};
		B0A0A134A0A0A0A0A0A0A001 /* Release */ = {
			isa = XCBuildConfiguration;
			buildSettings = {
				ASSETCATALOG_COMPILER_APPICON_NAME = AppIcon;
				ASSETCATALOG_COMPILER_GLOBAL_ACCENT_COLOR_NAME = AccentColor;
				CODE_SIGN_STYLE = Automatic;
				CURRENT_PROJECT_VERSION = 1;
				DEVELOPMENT_ASSET_PATHS = "";
				DEVELOPMENT_TEAM = "";
				ENABLE_PREVIEWS = YES;
				GENERATE_INFOPLIST_FILE = YES;
				INFOPLIST_KEY_UIApplicationSceneManifest_Generation = YES;
				INFOPLIST_KEY_UIApplicationSupportsIndirectInputEvents = YES;
				INFOPLIST_KEY_UILaunchScreen_Generation = YES;
				INFOPLIST_KEY_UISupportedInterfaceOrientations_iPad = "UIInterfaceOrientationPortrait UIInterfaceOrientationPortraitUpsideDown UIInterfaceOrientationLandscapeLeft UIInterfaceOrientationLandscapeRight";
				INFOPLIST_KEY_UISupportedInterfaceOrientations_iPhone = "UIInterfaceOrientationPortrait UIInterfaceOrientationLandscapeLeft UIInterfaceOrientationLandscapeRight";
				LD_RUNPATH_SEARCH_PATHS = (
					"$(inherited)",
					"@executable_path/Frameworks",
				);
				MARKETING_VERSION = 1.0;
				PRODUCT_BUNDLE_IDENTIFIER = com.pooq.AudioFolderPlayer;
				PRODUCT_NAME = "$(TARGET_NAME)";
				SWIFT_EMIT_LOC_STRINGS = YES;
				SWIFT_VERSION = 5.0;
				TARGETED_DEVICE_FAMILY = "1,2";
			};
			name = Release;
		};
		B0A0A135A0A0A0A0A0A0A001 /* Debug */ = {
			isa = XCBuildConfiguration;
			buildSettings = {
				BUNDLE_LOADER = "$(TEST_HOST)";
				CODE_SIGN_STYLE = Automatic;
				CURRENT_PROJECT_VERSION = 1;
				DEVELOPMENT_TEAM = "";
				GENERATE_INFOPLIST_FILE = YES;
				LD_RUNPATH_SEARCH_PATHS = (
					"$(inherited)",
					"@executable_path/Frameworks",
					"@loader_path/Frameworks",
				);
				MARKETING_VERSION = 1.0;
				PRODUCT_BUNDLE_IDENTIFIER = com.pooq.AudioFolderPlayerTests;
				PRODUCT_NAME = "$(TARGET_NAME)";
				SWIFT_VERSION = 5.0;
				TARGETED_DEVICE_FAMILY = "1,2";
				TEST_HOST = "$(BUILT_PRODUCTS_DIR)/AudioFolderPlayer.app/$(BUNDLE_EXECUTABLE_FOLDER_PATH)/AudioFolderPlayer";
			};
			name = Debug;
		};
		B0A0A136A0A0A0A0A0A0A001 /* Release */ = {
			isa = XCBuildConfiguration;
			buildSettings = {
				BUNDLE_LOADER = "$(TEST_HOST)";
				CODE_SIGN_STYLE = Automatic;
				CURRENT_PROJECT_VERSION = 1;
				DEVELOPMENT_TEAM = "";
				GENERATE_INFOPLIST_FILE = YES;
				LD_RUNPATH_SEARCH_PATHS = (
					"$(inherited)",
					"@executable_path/Frameworks",
					"@loader_path/Frameworks",
				);
				MARKETING_VERSION = 1.0;
				PRODUCT_BUNDLE_IDENTIFIER = com.pooq.AudioFolderPlayerTests;
				PRODUCT_NAME = "$(TARGET_NAME)";
				SWIFT_VERSION = 5.0;
				TARGETED_DEVICE_FAMILY = "1,2";
				TEST_HOST = "$(BUILT_PRODUCTS_DIR)/AudioFolderPlayer.app/$(BUNDLE_EXECUTABLE_FOLDER_PATH)/AudioFolderPlayer";
			};
			name = Release;
		};
/* End XCBuildConfiguration section */

/* Begin XCConfigurationList section */
		B0A0A120A0A0A0A0A0A0A001 /* Build configuration list for PBXProject "AudioFolderPlayer" */ = {
			isa = XCConfigurationList;
			buildConfigurations = (
				B0A0A131A0A0A0A0A0A0A001 /* Debug */,
				B0A0A132A0A0A0A0A0A0A001 /* Release */,
			);
			defaultConfigurationIsVisible = 0;
			defaultConfigurationName = Release;
		};
		B0A0A121A0A0A0A0A0A0A001 /* Build configuration list for PBXNativeTarget "AudioFolderPlayer" */ = {
			isa = XCConfigurationList;
			buildConfigurations = (
				B0A0A133A0A0A0A0A0A0A001 /* Debug */,
				B0A0A134A0A0A0A0A0A0A001 /* Release */,
			);
			defaultConfigurationIsVisible = 0;
			defaultConfigurationName = Release;
		};
		B0A0A122A0A0A0A0A0A0A001 /* Build configuration list for PBXNativeTarget "AudioFolderPlayerTests" */ = {
			isa = XCConfigurationList;
			buildConfigurations = (
				B0A0A135A0A0A0A0A0A0A001 /* Debug */,
				B0A0A136A0A0A0A0A0A0A001 /* Release */,
			);
			defaultConfigurationIsVisible = 0;
			defaultConfigurationName = Release;
		};
/* End XCConfigurationList section */
	};
	rootObject = B0A0A0E1A0A0A0A0A0A0A001 /* Project object */;
}
