// !$*UTF8*$!
{
	archiveVersion = 1;
	classes = {
	};
	objectVersion = 77;
	objects = {

/* Begin PBXBuildFile section */
		162FC2BCF547920E2613C5AE /* AudioItem.swift in Sources */ = {isa = PBXBuildFile; fileRef = D40AEF5D9D4A723DFA164087 /* AudioItem.swift */; };
		3A46C7F5EC31DC3A15AF9D9F /* AudioFolderPlayerTests.swift in Sources */ = {isa = PBXBuildFile; fileRef = 502289D96DEBC3733358978D /* AudioFolderPlayerTests.swift */; };
		C37B2A752FADBFBE9B9964D2 /* PlaybackStatus.swift in Sources */ = {isa = PBXBuildFile; fileRef = 5194489E2A96E35B9AB0ED2D /* PlaybackStatus.swift */; };
		D07DB02043CF89AA7C107072 /* FileIdentifierTests.swift in Sources */ = {isa = PBXBuildFile; fileRef = DC06F238995E4D7E9E1C03FC /* FileIdentifierTests.swift */; };
		D39399FF8E0EF1CBC5629C02 /* AudioFolderPlayerApp.swift in Sources */ = {isa = PBXBuildFile; fileRef = 8A4541ABB6958231637AC958 /* AudioFolderPlayerApp.swift */; };
		DEDD71A427D1C39EA2E42C73 /* FileIdentifier.swift in Sources */ = {isa = PBXBuildFile; fileRef = D90A2B5A1DE77C988008FE7E /* FileIdentifier.swift */; };
/* End PBXBuildFile section */

/* Begin PBXContainerItemProxy section */
		161735505C099026968941AC /* PBXContainerItemProxy */ = {
			isa = PBXContainerItemProxy;
			containerPortal = 329711B1642F431855F75073 /* Project object */;
			proxyType = 1;
			remoteGlobalIDString = 6A931F0A253A1C27B6D91F5B;
			remoteInfo = AudioFolderPlayer;
		};
/* End PBXContainerItemProxy section */

/* Begin PBXFileReference section */
		4BACD4C0EADC32F279F1F437 /* AudioFolderPlayer.app */ = {isa = PBXFileReference; includeInIndex = 0; lastKnownFileType = wrapper.application; path = AudioFolderPlayer.app; sourceTree = BUILT_PRODUCTS_DIR; };
		502289D96DEBC3733358978D /* AudioFolderPlayerTests.swift */ = {isa = PBXFileReference; lastKnownFileType = sourcecode.swift; path = AudioFolderPlayerTests.swift; sourceTree = "<group>"; };
		5194489E2A96E35B9AB0ED2D /* PlaybackStatus.swift */ = {isa = PBXFileReference; lastKnownFileType = sourcecode.swift; path = PlaybackStatus.swift; sourceTree = "<group>"; };
		8A4541ABB6958231637AC958 /* AudioFolderPlayerApp.swift */ = {isa = PBXFileReference; lastKnownFileType = sourcecode.swift; path = AudioFolderPlayerApp.swift; sourceTree = "<group>"; };
		D40AEF5D9D4A723DFA164087 /* AudioItem.swift */ = {isa = PBXFileReference; lastKnownFileType = sourcecode.swift; path = AudioItem.swift; sourceTree = "<group>"; };
		D90A2B5A1DE77C988008FE7E /* FileIdentifier.swift */ = {isa = PBXFileReference; lastKnownFileType = sourcecode.swift; path = FileIdentifier.swift; sourceTree = "<group>"; };
		DC06F238995E4D7E9E1C03FC /* FileIdentifierTests.swift */ = {isa = PBXFileReference; lastKnownFileType = sourcecode.swift; path = FileIdentifierTests.swift; sourceTree = "<group>"; };
		DCA81AD305D202E25F343700 /* AudioFolderPlayerTests.xctest */ = {isa = PBXFileReference; includeInIndex = 0; lastKnownFileType = wrapper.cfbundle; path = AudioFolderPlayerTests.xctest; sourceTree = BUILT_PRODUCTS_DIR; };
/* End PBXFileReference section */

/* Begin PBXGroup section */
		357F95DE61D96C89D589B528 = {
			isa = PBXGroup;
			children = (
				F73817DFD5F6E5DB0471F933 /* AudioFolderPlayer */,
				4F18A83C914B71A34B413751 /* AudioFolderPlayerTests */,
				4176CC28731EB4EAFD93AB76 /* Products */,
			);
			sourceTree = "<group>";
		};
		4176CC28731EB4EAFD93AB76 /* Products */ = {
			isa = PBXGroup;
			children = (
				4BACD4C0EADC32F279F1F437 /* AudioFolderPlayer.app */,
				DCA81AD305D202E25F343700 /* AudioFolderPlayerTests.xctest */,
			);
			name = Products;
			sourceTree = "<group>";
		};
		4F18A83C914B71A34B413751 /* AudioFolderPlayerTests */ = {
			isa = PBXGroup;
			children = (
				502289D96DEBC3733358978D /* AudioFolderPlayerTests.swift */,
				DC06F238995E4D7E9E1C03FC /* FileIdentifierTests.swift */,
			);
			path = AudioFolderPlayerTests;
			sourceTree = "<group>";
		};
		5883FB6C70DCED279EF34FFD /* Models */ = {
			isa = PBXGroup;
			children = (
				D40AEF5D9D4A723DFA164087 /* AudioItem.swift */,
				5194489E2A96E35B9AB0ED2D /* PlaybackStatus.swift */,
			);
			path = Models;
			sourceTree = "<group>";
		};
		5A41B875640409DA73E4CDE1 /* App */ = {
			isa = PBXGroup;
			children = (
				8A4541ABB6958231637AC958 /* AudioFolderPlayerApp.swift */,
			);
			path = App;
			sourceTree = "<group>";
		};
		9494B59C1F1D6B3D8E91C974 /* Services */ = {
			isa = PBXGroup;
			children = (
				D90A2B5A1DE77C988008FE7E /* FileIdentifier.swift */,
			);
			path = Services;
			sourceTree = "<group>";
		};
		F73817DFD5F6E5DB0471F933 /* AudioFolderPlayer */ = {
			isa = PBXGroup;
			children = (
				5A41B875640409DA73E4CDE1 /* App */,
				5883FB6C70DCED279EF34FFD /* Models */,
				9494B59C1F1D6B3D8E91C974 /* Services */,
			);
			path = AudioFolderPlayer;
			sourceTree = "<group>";
		};
		"TEMP_F74E53B1-3506-44F3-A5DA-84D898628B57" /* Infrastructure */ = {
			isa = PBXGroup;
			children = (
			);
			path = Infrastructure;
			sourceTree = "<group>";
		};
/* End PBXGroup section */

/* Begin PBXNativeTarget section */
		6A931F0A253A1C27B6D91F5B /* AudioFolderPlayer */ = {
			isa = PBXNativeTarget;
			buildConfigurationList = 2F0C91597AFBA56546D8037F /* Build configuration list for PBXNativeTarget "AudioFolderPlayer" */;
			buildPhases = (
				562090423852355829F77C5F /* Sources */,
			);
			buildRules = (
			);
			dependencies = (
			);
			name = AudioFolderPlayer;
			packageProductDependencies = (
			);
			productName = AudioFolderPlayer;
			productReference = 4BACD4C0EADC32F279F1F437 /* AudioFolderPlayer.app */;
			productType = "com.apple.product-type.application";
		};
		A4671ECA90E5BFD57C2E48E9 /* AudioFolderPlayerTests */ = {
			isa = PBXNativeTarget;
			buildConfigurationList = 0A6DA63296ACEFF5FDEBB252 /* Build configuration list for PBXNativeTarget "AudioFolderPlayerTests" */;
			buildPhases = (
				089AE44DFE08A63624D02A50 /* Sources */,
			);
			buildRules = (
			);
			dependencies = (
				F7777FBAFDD4C7B605A5F190 /* PBXTargetDependency */,
			);
			name = AudioFolderPlayerTests;
			packageProductDependencies = (
			);
			productName = AudioFolderPlayerTests;
			productReference = DCA81AD305D202E25F343700 /* AudioFolderPlayerTests.xctest */;
			productType = "com.apple.product-type.bundle.unit-test";
		};
/* End PBXNativeTarget section */

/* Begin PBXProject section */
		329711B1642F431855F75073 /* Project object */ = {
			isa = PBXProject;
			attributes = {
				BuildIndependentTargetsInParallel = YES;
				LastUpgradeCheck = 1430;
				TargetAttributes = {
				};
			};
			buildConfigurationList = 2208B7643B5112F05D4C761A /* Build configuration list for PBXProject "AudioFolderPlayer" */;
			developmentRegion = en;
			hasScannedForEncodings = 0;
			knownRegions = (
				Base,
				en,
			);
			mainGroup = 357F95DE61D96C89D589B528;
			minimizedProjectReferenceProxies = 1;
			preferredProjectObjectVersion = 77;
			productRefGroup = 4176CC28731EB4EAFD93AB76 /* Products */;
			projectDirPath = "";
			projectRoot = "";
			targets = (
				6A931F0A253A1C27B6D91F5B /* AudioFolderPlayer */,
				A4671ECA90E5BFD57C2E48E9 /* AudioFolderPlayerTests */,
			);
		};
/* End PBXProject section */

/* Begin PBXSourcesBuildPhase section */
		089AE44DFE08A63624D02A50 /* Sources */ = {
			isa = PBXSourcesBuildPhase;
			buildActionMask = 2147483647;
			files = (
				3A46C7F5EC31DC3A15AF9D9F /* AudioFolderPlayerTests.swift in Sources */,
				D07DB02043CF89AA7C107072 /* FileIdentifierTests.swift in Sources */,
			);
			runOnlyForDeploymentPostprocessing = 0;
		};
		562090423852355829F77C5F /* Sources */ = {
			isa = PBXSourcesBuildPhase;
			buildActionMask = 2147483647;
			files = (
				D39399FF8E0EF1CBC5629C02 /* AudioFolderPlayerApp.swift in Sources */,
				162FC2BCF547920E2613C5AE /* AudioItem.swift in Sources */,
				DEDD71A427D1C39EA2E42C73 /* FileIdentifier.swift in Sources */,
				C37B2A752FADBFBE9B9964D2 /* PlaybackStatus.swift in Sources */,
			);
			runOnlyForDeploymentPostprocessing = 0;
		};
/* End PBXSourcesBuildPhase section */

/* Begin PBXTargetDependency section */
		F7777FBAFDD4C7B605A5F190 /* PBXTargetDependency */ = {
			isa = PBXTargetDependency;
			target = 6A931F0A253A1C27B6D91F5B /* AudioFolderPlayer */;
			targetProxy = 161735505C099026968941AC /* PBXContainerItemProxy */;
		};
/* End PBXTargetDependency section */

/* Begin XCBuildConfiguration section */
		21527624608E2C690C461B76 /* Debug */ = {
			isa = XCBuildConfiguration;
			buildSettings = {
				BUNDLE_LOADER = "$(TEST_HOST)";
				GENERATE_INFOPLIST_FILE = YES;
				IPHONEOS_DEPLOYMENT_TARGET = 17.0;
				LD_RUNPATH_SEARCH_PATHS = (
					"$(inherited)",
					"@executable_path/Frameworks",
					"@loader_path/Frameworks",
				);
				PRODUCT_BUNDLE_IDENTIFIER = com.pooq.AudioFolderPlayerTests;
				SDKROOT = iphoneos;
				TARGETED_DEVICE_FAMILY = "1,2";
				TEST_HOST = "$(BUILT_PRODUCTS_DIR)/AudioFolderPlayer.app/$(BUNDLE_EXECUTABLE_FOLDER_PATH)/AudioFolderPlayer";
			};
			name = Debug;
		};
		63DEF690B12EE93CE352D767 /* Release */ = {
			isa = XCBuildConfiguration;
			buildSettings = {
				ALWAYS_SEARCH_USER_PATHS = NO;
				CLANG_ANALYZER_NONNULL = YES;
				CLANG_ANALYZER_NUMBER_OBJECT_CONVERSION = YES_AGGRESSIVE;
				CLANG_CXX_LANGUAGE_STANDARD = "gnu++14";
				CLANG_CXX_LIBRARY = "libc++";
				CLANG_ENABLE_MODULES = YES;
				CLANG_ENABLE_OBJC_ARC = YES;
				CLANG_ENABLE_OBJC_WEAK = YES;
				CLANG_WARN_BLOCK_CAPTURE_AUTORELEASING = YES;
				CLANG_WARN_BOOL_CONVERSION = YES;
				CLANG_WARN_COMMA = YES;
				CLANG_WARN_CONSTANT_CONVERSION = YES;
				CLANG_WARN_DEPRECATED_OBJC_IMPLEMENTATIONS = YES;
				CLANG_WARN_DIRECT_OBJC_ISA_USAGE = YES_ERROR;
				CLANG_WARN_DOCUMENTATION_COMMENTS = YES;
				CLANG_WARN_EMPTY_BODY = YES;
				CLANG_WARN_ENUM_CONVERSION = YES;
				CLANG_WARN_INFINITE_RECURSION = YES;
				CLANG_WARN_INT_CONVERSION = YES;
				CLANG_WARN_NON_LITERAL_NULL_CONVERSION = YES;
				CLANG_WARN_OBJC_IMPLICIT_RETAIN_SELF = YES;
				CLANG_WARN_OBJC_LITERAL_CONVERSION = YES;
				CLANG_WARN_OBJC_ROOT_CLASS = YES_ERROR;
				CLANG_WARN_QUOTED_INCLUDE_IN_FRAMEWORK_HEADER = YES;
				CLANG_WARN_RANGE_LOOP_ANALYSIS = YES;
				CLANG_WARN_STRICT_PROTOTYPES = YES;
				CLANG_WARN_SUSPICIOUS_MOVE = YES;
				CLANG_WARN_UNGUARDED_AVAILABILITY = YES_AGGRESSIVE;
				CLANG_WARN_UNREACHABLE_CODE = YES;
				CLANG_WARN__DUPLICATE_METHOD_MATCH = YES;
				COPY_PHASE_STRIP = NO;
				DEBUG_INFORMATION_FORMAT = "dwarf-with-dsym";
				ENABLE_NS_ASSERTIONS = NO;
				ENABLE_STRICT_OBJC_MSGSEND = YES;
				GCC_C_LANGUAGE_STANDARD = gnu11;
				GCC_NO_COMMON_BLOCKS = YES;
				GCC_WARN_64_TO_32_BIT_CONVERSION = YES;
				GCC_WARN_ABOUT_RETURN_TYPE = YES_ERROR;
				GCC_WARN_UNDECLARED_SELECTOR = YES;
				GCC_WARN_UNINITIALIZED_AUTOS = YES_AGGRESSIVE;
				GCC_WARN_UNUSED_FUNCTION = YES;
				GCC_WARN_UNUSED_VARIABLE = YES;
				IPHONEOS_DEPLOYMENT_TARGET = 17.0;
				MTL_ENABLE_DEBUG_INFO = NO;
				MTL_FAST_MATH = YES;
				PRODUCT_NAME = "$(TARGET_NAME)";
				SDKROOT = iphoneos;
				SWIFT_COMPILATION_MODE = wholemodule;
				SWIFT_OPTIMIZATION_LEVEL = "-O";
				SWIFT_VERSION = 5.0;
			};
			name = Release;
		};
		B9C3932D0A8BE1612D5494FB /* Debug */ = {
			isa = XCBuildConfiguration;
			buildSettings = {
				ALWAYS_SEARCH_USER_PATHS = NO;
				CLANG_ANALYZER_NONNULL = YES;
				CLANG_ANALYZER_NUMBER_OBJECT_CONVERSION = YES_AGGRESSIVE;
				CLANG_CXX_LANGUAGE_STANDARD = "gnu++14";
				CLANG_CXX_LIBRARY = "libc++";
				CLANG_ENABLE_MODULES = YES;
				CLANG_ENABLE_OBJC_ARC = YES;
				CLANG_ENABLE_OBJC_WEAK = YES;
				CLANG_WARN_BLOCK_CAPTURE_AUTORELEASING = YES;
				CLANG_WARN_BOOL_CONVERSION = YES;
				CLANG_WARN_COMMA = YES;
				CLANG_WARN_CONSTANT_CONVERSION = YES;
				CLANG_WARN_DEPRECATED_OBJC_IMPLEMENTATIONS = YES;
				CLANG_WARN_DIRECT_OBJC_ISA_USAGE = YES_ERROR;
				CLANG_WARN_DOCUMENTATION_COMMENTS = YES;
				CLANG_WARN_EMPTY_BODY = YES;
				CLANG_WARN_ENUM_CONVERSION = YES;
				CLANG_WARN_INFINITE_RECURSION = YES;
				CLANG_WARN_INT_CONVERSION = YES;
				CLANG_WARN_NON_LITERAL_NULL_CONVERSION = YES;
				CLANG_WARN_OBJC_IMPLICIT_RETAIN_SELF = YES;
				CLANG_WARN_OBJC_LITERAL_CONVERSION = YES;
				CLANG_WARN_OBJC_ROOT_CLASS = YES_ERROR;
				CLANG_WARN_QUOTED_INCLUDE_IN_FRAMEWORK_HEADER = YES;
				CLANG_WARN_RANGE_LOOP_ANALYSIS = YES;
				CLANG_WARN_STRICT_PROTOTYPES = YES;
				CLANG_WARN_SUSPICIOUS_MOVE = YES;
				CLANG_WARN_UNGUARDED_AVAILABILITY = YES_AGGRESSIVE;
				CLANG_WARN_UNREACHABLE_CODE = YES;
				CLANG_WARN__DUPLICATE_METHOD_MATCH = YES;
				COPY_PHASE_STRIP = NO;
				DEBUG_INFORMATION_FORMAT = dwarf;
				ENABLE_STRICT_OBJC_MSGSEND = YES;
				ENABLE_TESTABILITY = YES;
				GCC_C_LANGUAGE_STANDARD = gnu11;
				GCC_DYNAMIC_NO_PIC = NO;
				GCC_NO_COMMON_BLOCKS = YES;
				GCC_OPTIMIZATION_LEVEL = 0;
				GCC_PREPROCESSOR_DEFINITIONS = (
					"$(inherited)",
					"DEBUG=1",
				);
				GCC_WARN_64_TO_32_BIT_CONVERSION = YES;
				GCC_WARN_ABOUT_RETURN_TYPE = YES_ERROR;
				GCC_WARN_UNDECLARED_SELECTOR = YES;
				GCC_WARN_UNINITIALIZED_AUTOS = YES_AGGRESSIVE;
				GCC_WARN_UNUSED_FUNCTION = YES;
				GCC_WARN_UNUSED_VARIABLE = YES;
				IPHONEOS_DEPLOYMENT_TARGET = 17.0;
				MTL_ENABLE_DEBUG_INFO = INCLUDE_SOURCE;
				MTL_FAST_MATH = YES;
				ONLY_ACTIVE_ARCH = YES;
				PRODUCT_NAME = "$(TARGET_NAME)";
				SDKROOT = iphoneos;
				SWIFT_ACTIVE_COMPILATION_CONDITIONS = DEBUG;
				SWIFT_OPTIMIZATION_LEVEL = "-Onone";
				SWIFT_VERSION = 5.0;
			};
			name = Debug;
		};
		D72BD5C9F59D7C12B32CC0FA /* Release */ = {
			isa = XCBuildConfiguration;
			buildSettings = {
				ASSETCATALOG_COMPILER_APPICON_NAME = AppIcon;
				CODE_SIGN_IDENTITY = "iPhone Developer";
				GENERATE_INFOPLIST_FILE = YES;
				INFOPLIST_KEY_UIApplicationSceneManifest_Generation = YES;
				INFOPLIST_KEY_UIApplicationSupportsIndirectInputEvents = YES;
				INFOPLIST_KEY_UILaunchScreen_Generation = YES;
				INFOPLIST_KEY_UISupportedInterfaceOrientations_iPad = "UIInterfaceOrientationPortrait UIInterfaceOrientationPortraitUpsideDown UIInterfaceOrientationLandscapeLeft UIInterfaceOrientationLandscapeRight";
				INFOPLIST_KEY_UISupportedInterfaceOrientations_iPhone = "UIInterfaceOrientationPortrait UIInterfaceOrientationLandscapeLeft UIInterfaceOrientationLandscapeRight";
				IPHONEOS_DEPLOYMENT_TARGET = 17.0;
				LD_RUNPATH_SEARCH_PATHS = (
					"$(inherited)",
					"@executable_path/Frameworks",
				);
				PRODUCT_BUNDLE_IDENTIFIER = com.pooq.AudioFolderPlayer;
				SDKROOT = iphoneos;
				TARGETED_DEVICE_FAMILY = "1,2";
			};
			name = Release;
		};
		DF2A9F4866E6F563CB9F012A /* Debug */ = {
			isa = XCBuildConfiguration;
			buildSettings = {
				ASSETCATALOG_COMPILER_APPICON_NAME = AppIcon;
				CODE_SIGN_IDENTITY = "iPhone Developer";
				GENERATE_INFOPLIST_FILE = YES;
				INFOPLIST_KEY_UIApplicationSceneManifest_Generation = YES;
				INFOPLIST_KEY_UIApplicationSupportsIndirectInputEvents = YES;
				INFOPLIST_KEY_UILaunchScreen_Generation = YES;
				INFOPLIST_KEY_UISupportedInterfaceOrientations_iPad = "UIInterfaceOrientationPortrait UIInterfaceOrientationPortraitUpsideDown UIInterfaceOrientationLandscapeLeft UIInterfaceOrientationLandscapeRight";
				INFOPLIST_KEY_UISupportedInterfaceOrientations_iPhone = "UIInterfaceOrientationPortrait UIInterfaceOrientationLandscapeLeft UIInterfaceOrientationLandscapeRight";
				IPHONEOS_DEPLOYMENT_TARGET = 17.0;
				LD_RUNPATH_SEARCH_PATHS = (
					"$(inherited)",
					"@executable_path/Frameworks",
				);
				PRODUCT_BUNDLE_IDENTIFIER = com.pooq.AudioFolderPlayer;
				SDKROOT = iphoneos;
				TARGETED_DEVICE_FAMILY = "1,2";
			};
			name = Debug;
		};
		F466F3BF25CB2934814360BB /* Release */ = {
			isa = XCBuildConfiguration;
			buildSettings = {
				BUNDLE_LOADER = "$(TEST_HOST)";
				GENERATE_INFOPLIST_FILE = YES;
				IPHONEOS_DEPLOYMENT_TARGET = 17.0;
				LD_RUNPATH_SEARCH_PATHS = (
					"$(inherited)",
					"@executable_path/Frameworks",
					"@loader_path/Frameworks",
				);
				PRODUCT_BUNDLE_IDENTIFIER = com.pooq.AudioFolderPlayerTests;
				SDKROOT = iphoneos;
				TARGETED_DEVICE_FAMILY = "1,2";
				TEST_HOST = "$(BUILT_PRODUCTS_DIR)/AudioFolderPlayer.app/$(BUNDLE_EXECUTABLE_FOLDER_PATH)/AudioFolderPlayer";
			};
			name = Release;
		};
/* End XCBuildConfiguration section */

/* Begin XCConfigurationList section */
		0A6DA63296ACEFF5FDEBB252 /* Build configuration list for PBXNativeTarget "AudioFolderPlayerTests" */ = {
			isa = XCConfigurationList;
			buildConfigurations = (
				21527624608E2C690C461B76 /* Debug */,
				F466F3BF25CB2934814360BB /* Release */,
			);
			defaultConfigurationIsVisible = 0;
			defaultConfigurationName = Debug;
		};
		2208B7643B5112F05D4C761A /* Build configuration list for PBXProject "AudioFolderPlayer" */ = {
			isa = XCConfigurationList;
			buildConfigurations = (
				B9C3932D0A8BE1612D5494FB /* Debug */,
				63DEF690B12EE93CE352D767 /* Release */,
			);
			defaultConfigurationIsVisible = 0;
			defaultConfigurationName = Debug;
		};
		2F0C91597AFBA56546D8037F /* Build configuration list for PBXNativeTarget "AudioFolderPlayer" */ = {
			isa = XCConfigurationList;
			buildConfigurations = (
				DF2A9F4866E6F563CB9F012A /* Debug */,
				D72BD5C9F59D7C12B32CC0FA /* Release */,
			);
			defaultConfigurationIsVisible = 0;
			defaultConfigurationName = Debug;
		};
/* End XCConfigurationList section */
	};
	rootObject = 329711B1642F431855F75073 /* Project object */;
}
